{
  "requires": true,
  "lockfileVersion": 1,
  "dependencies": {
    "google-protobuf": {
      "version": "3.7.1",
      "resolved": "https://registry.npmjs.org/google-protobuf/-/google-protobuf-3.7.1.tgz",
      "integrity": "sha512-6fvlUey6cNKtWSEn1bt4CT4wc2EID1fVluHS1dOnqIlxyIu3cBid2BvWE8Rwl6wN+hRTgiAKhfyydAGV/weZYQ=="
    },
    "ts-protoc-gen": {
      "version": "0.9.0",
      "resolved": "https://registry.npmjs.org/ts-protoc-gen/-/ts-protoc-gen-0.9.0.tgz",
      "integrity": "sha512-cFEUTY9U9o6C4DPPfMHk2ZUdIAKL91hZN1fyx5Stz3g56BDVOC7hk+r5fEMCAGaaIgi2akkT1a2hrxu1wo2Phg=="
    }
  }
}
